
Microsoft Visual Studio Solution File, Format Version 12.00
# Visual Studio Version 17
VisualStudioVersion = 17.3.32825.248
MinimumVisualStudioVersion = 10.0.40219.1
Project("{FAE04EC0-301F-11D3-BF4B-00C04F79EFBC}") = "SalesWebMvc", "SalesWebMvc\SalesWebMvc.csproj", "{2791D397-1F52-429D-B712-54E4D86B6261}"
EndProject
Global
	GlobalSection(SolutionConfigurationPlatforms) = preSolution
		Debug|Any CPU = Debug|Any CPU
		Release|Any CPU = Release|Any CPU
	EndGlobalSection
	GlobalSection(ProjectConfigurationPlatforms) = postSolution
		{2791D397-1F52-429D-B712-54E4D86B6261}.Debug|Any CPU.ActiveCfg = Debug|Any CPU
		{2791D397-1F52-429D-B712-54E4D86B6261}.Debug|Any CPU.Build.0 = Debug|Any CPU
		{2791D397-1F52-429D-B712-54E4D86B6261}.Release|Any CPU.ActiveCfg = Release|Any CPU
		{2791D397-1F52-429D-B712-54E4D86B6261}.Release|Any CPU.Build.0 = Release|Any CPU
	EndGlobalSection
	GlobalSection(SolutionProperties) = preSolution
		HideSolutionNode = FALSE
	EndGlobalSection
	GlobalSection(ExtensibilityGlobals) = postSolution
		SolutionGuid = {4457BA36-5BDF-4AED-95FC-9EEE243B97CE}
	EndGlobalSection
EndGlobal
